PODS:
  - IQKeyboardManagerSwift (6.5.9)

DEPENDENCIES:
  - IQKeyboardManagerSwift

SPEC REPOS:
  https://github.com/CocoaPods/Specs.git:
    - IQKeyboardManagerSwift

SPEC CHECKSUMS:
  IQKeyboardManagerSwift: 6e839c575c4aa1078d58a596e41244e77abe918f

PODFILE CHECKSUM: ff1cc3c8de4ae0beb183aa5077cf8fe194673f59

COCOAPODS: 1.11.2
