PODS:
  - IQKeyboardManagerSwift (6.5.9)

DEPENDENCIES:
  - IQKeyboardManagerSwift

SPEC REPOS:
  https://github.com/CocoaPods/Specs.git:
    - IQKeyboardManagerSwift

SPEC CHECKSUMS:
  IQKeyboardManagerSwift: 6e839c575c4aa1078d58a596e41244e77abe918f

PODFILE CHECKSUM: 5a035fc61390f9f36b7eed0d7a715c2b34e6c30e

COCOAPODS: 1.11.3
